
Microsoft Visual Studio Solution File, Format Version 12.00
# Visual Studio 15
VisualStudioVersion = 15.0.27130.2024
MinimumVisualStudioVersion = 10.0.40219.1
Project("{9A19103F-16F7-4668-BE54-9A1E7A4F7556}") = "CODAPI", "CallOfDutyAPI\CODAPI.csproj", "{92011F6C-E342-407E-B3F8-8FDCB790FD55}"
EndProject
Project("{9A19103F-16F7-4668-BE54-9A1E7A4F7556}") = "ExampleTest", "ExampleTest\ExampleTest.csproj", "{FA1E1688-C098-4192-8E2C-479F85728329}"
EndProject
Global
	GlobalSection(SolutionConfigurationPlatforms) = preSolution
		Debug|Any CPU = Debug|Any CPU
		Release|Any CPU = Release|Any CPU
	EndGlobalSection
	GlobalSection(ProjectConfigurationPlatforms) = postSolution
		{92011F6C-E342-407E-B3F8-8FDCB790FD55}.Debug|Any CPU.ActiveCfg = Debug|Any CPU
		{92011F6C-E342-407E-B3F8-8FDCB790FD55}.Debug|Any CPU.Build.0 = Debug|Any CPU
		{92011F6C-E342-407E-B3F8-8FDCB790FD55}.Release|Any CPU.ActiveCfg = Release|Any CPU
		{92011F6C-E342-407E-B3F8-8FDCB790FD55}.Release|Any CPU.Build.0 = Release|Any CPU
		{FA1E1688-C098-4192-8E2C-479F85728329}.Debug|Any CPU.ActiveCfg = Debug|Any CPU
		{FA1E1688-C098-4192-8E2C-479F85728329}.Debug|Any CPU.Build.0 = Debug|Any CPU
		{FA1E1688-C098-4192-8E2C-479F85728329}.Release|Any CPU.ActiveCfg = Release|Any CPU
		{FA1E1688-C098-4192-8E2C-479F85728329}.Release|Any CPU.Build.0 = Release|Any CPU
	EndGlobalSection
	GlobalSection(SolutionProperties) = preSolution
		HideSolutionNode = FALSE
	EndGlobalSection
	GlobalSection(ExtensibilityGlobals) = postSolution
		SolutionGuid = {0C342048-A9CC-477C-90B7-32194559DCF3}
	EndGlobalSection
EndGlobal
